
Microsoft Visual Studio Solution File, Format Version 11.00
# Visual Studio 2010
Project("{FAE04EC0-301F-11D3-BF4B-00C04F79EFBC}") = "PlantronicsWebRTC", "PlantronicsWebRTC\PlantronicsWebRTC.csproj", "{4B8F6333-FD87-405E-8A53-BCDDAC985F6A}"
EndProject
Global
	GlobalSection(SolutionConfigurationPlatforms) = preSolution
		Debug|x86 = Debug|x86
		Release|x86 = Release|x86
	EndGlobalSection
	GlobalSection(ProjectConfigurationPlatforms) = postSolution
		{4B8F6333-FD87-405E-8A53-BCDDAC985F6A}.Debug|x86.ActiveCfg = Debug|x86
		{4B8F6333-FD87-405E-8A53-BCDDAC985F6A}.Debug|x86.Build.0 = Debug|x86
		{4B8F6333-FD87-405E-8A53-BCDDAC985F6A}.Release|x86.ActiveCfg = Release|x86
		{4B8F6333-FD87-405E-8A53-BCDDAC985F6A}.Release|x86.Build.0 = Release|x86
	EndGlobalSection
	GlobalSection(SolutionProperties) = preSolution
		HideSolutionNode = FALSE
	EndGlobalSection
EndGlobal
